
Microsoft Visual Studio Solution File, Format Version 12.00
# Visual Studio Version 17
VisualStudioVersion = 17.3.32929.385
MinimumVisualStudioVersion = 10.0.40219.1
Project("{FAE04EC0-301F-11D3-BF4B-00C04F79EFBC}") = "pac-man", "pac-man\pac-man.csproj", "{28A86377-9558-4FE7-B08E-DED702D03AB4}"
EndProject
Project("{FAE04EC0-301F-11D3-BF4B-00C04F79EFBC}") = "MapCreator", "MapCreator\MapCreator.csproj", "{8109E2EA-D1F4-4148-9301-296E1AE62A17}"
EndProject
Global
	GlobalSection(SolutionConfigurationPlatforms) = preSolution
		Debug|Any CPU = Debug|Any CPU
		Release|Any CPU = Release|Any CPU
	EndGlobalSection
	GlobalSection(ProjectConfigurationPlatforms) = postSolution
		{28A86377-9558-4FE7-B08E-DED702D03AB4}.Debug|Any CPU.ActiveCfg = Debug|Any CPU
		{28A86377-9558-4FE7-B08E-DED702D03AB4}.Debug|Any CPU.Build.0 = Debug|Any CPU
		{28A86377-9558-4FE7-B08E-DED702D03AB4}.Release|Any CPU.ActiveCfg = Release|Any CPU
		{28A86377-9558-4FE7-B08E-DED702D03AB4}.Release|Any CPU.Build.0 = Release|Any CPU
		{8109E2EA-D1F4-4148-9301-296E1AE62A17}.Debug|Any CPU.ActiveCfg = Debug|Any CPU
		{8109E2EA-D1F4-4148-9301-296E1AE62A17}.Debug|Any CPU.Build.0 = Debug|Any CPU
		{8109E2EA-D1F4-4148-9301-296E1AE62A17}.Release|Any CPU.ActiveCfg = Release|Any CPU
		{8109E2EA-D1F4-4148-9301-296E1AE62A17}.Release|Any CPU.Build.0 = Release|Any CPU
	EndGlobalSection
	GlobalSection(SolutionProperties) = preSolution
		HideSolutionNode = FALSE
	EndGlobalSection
	GlobalSection(ExtensibilityGlobals) = postSolution
		SolutionGuid = {FA4E6FF6-362F-4395-89ED-4AF0325EE931}
	EndGlobalSection
EndGlobal
